{
  "version": 4,
  "terraform_version": "1.3.7",
  "serial": 390,
  "lineage": "4d8a7d28-76c1-c012-0655-ca428d91e444",
  "outputs": {},
  "resources": [
    {
      "mode": "managed",
      "type": "docker_container",
      "name": "master",
      "provider": "provider[\"registry.terraform.io/kreuzwerker/docker\"]",
      "instances": [
        {
          "schema_version": 2,
          "attributes": {
            "attach": false,
            "bridge": "",
            "capabilities": [],
            "cgroupns_mode": null,
            "command": [
              "/usr/sbin/sshd",
              "-D"
            ],
            "container_logs": null,
            "container_read_refresh_timeout_milliseconds": 15000,
            "cpu_set": "",
            "cpu_shares": 0,
            "destroy_grace_seconds": null,
            "devices": [],
            "dns": null,
            "dns_opts": null,
            "dns_search": null,
            "domainname": "",
            "entrypoint": [],
            "env": [],
            "exit_code": null,
            "gpus": null,
            "group_add": null,
            "healthcheck": null,
            "host": [],
            "hostname": "8604ab106a2a",
            "id": "8604ab106a2a7b1760261706a514c3bad9faaef46fb60838a5d767f1cf86a9b8",
            "image": "sha256:582125402a9f366acb886102e5f71a4865e4fbe34b308b3628885941f9665361",
            "init": false,
            "ipc_mode": "private",
            "labels": [],
            "log_driver": "json-file",
            "log_opts": null,
            "logs": false,
            "max_retry_count": 0,
            "memory": 0,
            "memory_swap": 0,
            "mounts": [],
            "must_run": true,
            "name": "Ansible-master",
            "network_data": [
              {
                "gateway": "10.10.0.1",
                "global_ipv6_address": "",
                "global_ipv6_prefix_length": 0,
                "ip_address": "10.10.0.2",
                "ip_prefix_length": 24,
                "ipv6_gateway": "",
                "network_name": "priv_net"
              }
            ],
            "network_mode": "default",
            "networks_advanced": [
              {
                "aliases": [],
                "ipv4_address": "",
                "ipv6_address": "",
                "name": "priv_net"
              }
            ],
            "pid_mode": "",
            "ports": [
              {
                "external": 2277,
                "internal": 22,
                "ip": "0.0.0.0",
                "protocol": "tcp"
              }
            ],
            "privileged": false,
            "publish_all_ports": false,
            "read_only": false,
            "remove_volumes": true,
            "restart": "no",
            "rm": true,
            "runtime": "runc",
            "security_opts": [],
            "shm_size": 64,
            "start": true,
            "stdin_open": false,
            "stop_signal": "",
            "stop_timeout": 0,
            "storage_opts": null,
            "sysctls": null,
            "tmpfs": null,
            "tty": false,
            "ulimit": [],
            "upload": [],
            "user": "",
            "userns_mode": "",
            "volumes": [],
            "wait": false,
            "wait_timeout": 60,
            "working_dir": ""
          },
          "sensitive_attributes": [],
          "private": "eyJzY2hlbWFfdmVyc2lvbiI6IjIifQ==",
          "dependencies": [
            "docker_image.sshans",
            "docker_network.cont_network"
          ]
        }
      ]
    },
    {
      "mode": "managed",
      "type": "docker_container",
      "name": "slaves",
      "provider": "provider[\"registry.terraform.io/kreuzwerker/docker\"]",
      "instances": [
        {
          "index_key": 0,
          "schema_version": 2,
          "attributes": {
            "attach": false,
            "bridge": "",
            "capabilities": [],
            "cgroupns_mode": null,
            "command": [
              "/usr/sbin/sshd",
              "-D"
            ],
            "container_logs": null,
            "container_read_refresh_timeout_milliseconds": 15000,
            "cpu_set": "",
            "cpu_shares": 0,
            "destroy_grace_seconds": null,
            "devices": [],
            "dns": null,
            "dns_opts": null,
            "dns_search": null,
            "domainname": "",
            "entrypoint": [],
            "env": [],
            "exit_code": null,
            "gpus": null,
            "group_add": null,
            "healthcheck": null,
            "host": [],
            "hostname": "5f9bcfa749a1",
            "id": "5f9bcfa749a162fea9bf5a38da4ba2a108e2a99799f31fb9f05833056ca93e6f",
            "image": "sha256:bb7ffb0c6e982cd7fb1c356ac821ce40bd974ada92ff5c23417ed180a92777e3",
            "init": false,
            "ipc_mode": "private",
            "labels": [],
            "log_driver": "json-file",
            "log_opts": null,
            "logs": false,
            "max_retry_count": 0,
            "memory": 0,
            "memory_swap": 0,
            "mounts": [],
            "must_run": true,
            "name": "Ansible-slave-01",
            "network_data": [
              {
                "gateway": "10.10.0.1",
                "global_ipv6_address": "",
                "global_ipv6_prefix_length": 0,
                "ip_address": "10.10.0.3",
                "ip_prefix_length": 24,
                "ipv6_gateway": "",
                "network_name": "priv_net"
              }
            ],
            "network_mode": "default",
            "networks_advanced": [
              {
                "aliases": [],
                "ipv4_address": "",
                "ipv6_address": "",
                "name": "priv_net"
              }
            ],
            "pid_mode": "",
            "ports": [
              {
                "external": 2220,
                "internal": 22,
                "ip": "0.0.0.0",
                "protocol": "tcp"
              },
              {
                "external": 8080,
                "internal": 80,
                "ip": "0.0.0.0",
                "protocol": "tcp"
              }
            ],
            "privileged": false,
            "publish_all_ports": false,
            "read_only": false,
            "remove_volumes": true,
            "restart": "no",
            "rm": true,
            "runtime": "runc",
            "security_opts": [],
            "shm_size": 64,
            "start": true,
            "stdin_open": false,
            "stop_signal": "",
            "stop_timeout": 0,
            "storage_opts": null,
            "sysctls": null,
            "tmpfs": null,
            "tty": false,
            "ulimit": [],
            "upload": [],
            "user": "",
            "userns_mode": "",
            "volumes": [],
            "wait": false,
            "wait_timeout": 60,
            "working_dir": ""
          },
          "sensitive_attributes": [],
          "private": "eyJzY2hlbWFfdmVyc2lvbiI6IjIifQ==",
          "dependencies": [
            "docker_image.sshnx",
            "docker_network.cont_network"
          ]
        },
        {
          "index_key": 1,
          "schema_version": 2,
          "attributes": {
            "attach": false,
            "bridge": "",
            "capabilities": [],
            "cgroupns_mode": null,
            "command": [
              "/usr/sbin/sshd",
              "-D"
            ],
            "container_logs": null,
            "container_read_refresh_timeout_milliseconds": 15000,
            "cpu_set": "",
            "cpu_shares": 0,
            "destroy_grace_seconds": null,
            "devices": [],
            "dns": null,
            "dns_opts": null,
            "dns_search": null,
            "domainname": "",
            "entrypoint": [],
            "env": [],
            "exit_code": null,
            "gpus": null,
            "group_add": null,
            "healthcheck": null,
            "host": [],
            "hostname": "3fba1b69e656",
            "id": "3fba1b69e656f9016e52b9bdf02c00e4cf0e453dcf95d0450c29276528f4455e",
            "image": "sha256:bb7ffb0c6e982cd7fb1c356ac821ce40bd974ada92ff5c23417ed180a92777e3",
            "init": false,
            "ipc_mode": "private",
            "labels": [],
            "log_driver": "json-file",
            "log_opts": null,
            "logs": false,
            "max_retry_count": 0,
            "memory": 0,
            "memory_swap": 0,
            "mounts": [],
            "must_run": true,
            "name": "Ansible-slave-02",
            "network_data": [
              {
                "gateway": "10.10.0.1",
                "global_ipv6_address": "",
                "global_ipv6_prefix_length": 0,
                "ip_address": "10.10.0.5",
                "ip_prefix_length": 24,
                "ipv6_gateway": "",
                "network_name": "priv_net"
              }
            ],
            "network_mode": "default",
            "networks_advanced": [
              {
                "aliases": [],
                "ipv4_address": "",
                "ipv6_address": "",
                "name": "priv_net"
              }
            ],
            "pid_mode": "",
            "ports": [
              {
                "external": 2221,
                "internal": 22,
                "ip": "0.0.0.0",
                "protocol": "tcp"
              },
              {
                "external": 8081,
                "internal": 80,
                "ip": "0.0.0.0",
                "protocol": "tcp"
              }
            ],
            "privileged": false,
            "publish_all_ports": false,
            "read_only": false,
            "remove_volumes": true,
            "restart": "no",
            "rm": true,
            "runtime": "runc",
            "security_opts": [],
            "shm_size": 64,
            "start": true,
            "stdin_open": false,
            "stop_signal": "",
            "stop_timeout": 0,
            "storage_opts": null,
            "sysctls": null,
            "tmpfs": null,
            "tty": false,
            "ulimit": [],
            "upload": [],
            "user": "",
            "userns_mode": "",
            "volumes": [],
            "wait": false,
            "wait_timeout": 60,
            "working_dir": ""
          },
          "sensitive_attributes": [],
          "private": "eyJzY2hlbWFfdmVyc2lvbiI6IjIifQ==",
          "dependencies": [
            "docker_image.sshnx",
            "docker_network.cont_network"
          ]
        },
        {
          "index_key": 2,
          "schema_version": 2,
          "attributes": {
            "attach": false,
            "bridge": "",
            "capabilities": [],
            "cgroupns_mode": null,
            "command": [
              "/usr/sbin/sshd",
              "-D"
            ],
            "container_logs": null,
            "container_read_refresh_timeout_milliseconds": 15000,
            "cpu_set": "",
            "cpu_shares": 0,
            "destroy_grace_seconds": null,
            "devices": [],
            "dns": null,
            "dns_opts": null,
            "dns_search": null,
            "domainname": "",
            "entrypoint": [],
            "env": [],
            "exit_code": null,
            "gpus": null,
            "group_add": null,
            "healthcheck": null,
            "host": [],
            "hostname": "6d8870c448b3",
            "id": "6d8870c448b35065ace6283e7fc1077079526dc14a7a0d64c7db40dbd8af113d",
            "image": "sha256:bb7ffb0c6e982cd7fb1c356ac821ce40bd974ada92ff5c23417ed180a92777e3",
            "init": false,
            "ipc_mode": "private",
            "labels": [],
            "log_driver": "json-file",
            "log_opts": null,
            "logs": false,
            "max_retry_count": 0,
            "memory": 0,
            "memory_swap": 0,
            "mounts": [],
            "must_run": true,
            "name": "Ansible-slave-03",
            "network_data": [
              {
                "gateway": "10.10.0.1",
                "global_ipv6_address": "",
                "global_ipv6_prefix_length": 0,
                "ip_address": "10.10.0.4",
                "ip_prefix_length": 24,
                "ipv6_gateway": "",
                "network_name": "priv_net"
              }
            ],
            "network_mode": "default",
            "networks_advanced": [
              {
                "aliases": [],
                "ipv4_address": "",
                "ipv6_address": "",
                "name": "priv_net"
              }
            ],
            "pid_mode": "",
            "ports": [
              {
                "external": 2222,
                "internal": 22,
                "ip": "0.0.0.0",
                "protocol": "tcp"
              },
              {
                "external": 8082,
                "internal": 80,
                "ip": "0.0.0.0",
                "protocol": "tcp"
              }
            ],
            "privileged": false,
            "publish_all_ports": false,
            "read_only": false,
            "remove_volumes": true,
            "restart": "no",
            "rm": true,
            "runtime": "runc",
            "security_opts": [],
            "shm_size": 64,
            "start": true,
            "stdin_open": false,
            "stop_signal": "",
            "stop_timeout": 0,
            "storage_opts": null,
            "sysctls": null,
            "tmpfs": null,
            "tty": false,
            "ulimit": [],
            "upload": [],
            "user": "",
            "userns_mode": "",
            "volumes": [],
            "wait": false,
            "wait_timeout": 60,
            "working_dir": ""
          },
          "sensitive_attributes": [],
          "private": "eyJzY2hlbWFfdmVyc2lvbiI6IjIifQ==",
          "dependencies": [
            "docker_image.sshnx",
            "docker_network.cont_network"
          ]
        }
      ]
    },
    {
      "mode": "managed",
      "type": "docker_image",
      "name": "sshans",
      "provider": "provider[\"registry.terraform.io/kreuzwerker/docker\"]",
      "instances": [
        {
          "schema_version": 0,
          "attributes": {
            "build": [],
            "force_remove": null,
            "id": "sha256:582125402a9f366acb886102e5f71a4865e4fbe34b308b3628885941f9665361tejaind30/ssh-aeserver:v3.4",
            "image_id": "sha256:582125402a9f366acb886102e5f71a4865e4fbe34b308b3628885941f9665361",
            "keep_locally": null,
            "name": "tejaind30/ssh-aeserver:v3.4",
            "platform": null,
            "pull_triggers": null,
            "repo_digest": "tejaind30/ssh-aeserver@sha256:ccb7c63e1fde667a5ba658320ec165c7b8517b31164021132de55a1e70b65284",
            "triggers": null
          },
          "sensitive_attributes": [],
          "private": "bnVsbA=="
        }
      ]
    },
    {
      "mode": "managed",
      "type": "docker_image",
      "name": "sshnx",
      "provider": "provider[\"registry.terraform.io/kreuzwerker/docker\"]",
      "instances": [
        {
          "schema_version": 0,
          "attributes": {
            "build": [],
            "force_remove": null,
            "id": "sha256:bb7ffb0c6e982cd7fb1c356ac821ce40bd974ada92ff5c23417ed180a92777e3tejaind30/ssh-nxserver:v2.2",
            "image_id": "sha256:bb7ffb0c6e982cd7fb1c356ac821ce40bd974ada92ff5c23417ed180a92777e3",
            "keep_locally": null,
            "name": "tejaind30/ssh-nxserver:v2.2",
            "platform": null,
            "pull_triggers": null,
            "repo_digest": "tejaind30/ssh-nxserver@sha256:324ae3695022b2292762bb8cca7901d59dde61b8c2dc6175aa62b413f0e49b03",
            "triggers": null
          },
          "sensitive_attributes": [],
          "private": "bnVsbA=="
        }
      ]
    },
    {
      "mode": "managed",
      "type": "docker_network",
      "name": "cont_network",
      "provider": "provider[\"registry.terraform.io/kreuzwerker/docker\"]",
      "instances": [
        {
          "schema_version": 1,
          "attributes": {
            "attachable": false,
            "check_duplicate": null,
            "driver": "bridge",
            "id": "18b7931e719de4dda94e531c8f872cd3e855ac75dd1ad255657d44d34831fe82",
            "ingress": false,
            "internal": false,
            "ipam_config": [
              {
                "aux_address": null,
                "gateway": "10.10.0.1",
                "ip_range": "",
                "subnet": "10.10.0.0/24"
              }
            ],
            "ipam_driver": "default",
            "ipam_options": null,
            "ipv6": false,
            "labels": [],
            "name": "priv_net",
            "options": {},
            "scope": "local"
          },
          "sensitive_attributes": [],
          "private": "eyJzY2hlbWFfdmVyc2lvbiI6IjEifQ=="
        }
      ]
    }
  ],
  "check_results": null
}
